
Microsoft Visual Studio Solution File, Format Version 12.00
# Visual Studio Version 17
VisualStudioVersion = 17.4.33213.308
MinimumVisualStudioVersion = 10.0.40219.1
Project("{FAE04EC0-301F-11D3-BF4B-00C04F79EFBC}") = "sharujewellery", "sharujewellery\sharujewellery.csproj", "{C62CAFA2-C5B1-4B80-B9A7-6EF03FABC95D}"
EndProject
Global
	GlobalSection(SolutionConfigurationPlatforms) = preSolution
		Debug|Any CPU = Debug|Any CPU
		Release|Any CPU = Release|Any CPU
	EndGlobalSection
	GlobalSection(ProjectConfigurationPlatforms) = postSolution
		{C62CAFA2-C5B1-4B80-B9A7-6EF03FABC95D}.Debug|Any CPU.ActiveCfg = Debug|Any CPU
		{C62CAFA2-C5B1-4B80-B9A7-6EF03FABC95D}.Debug|Any CPU.Build.0 = Debug|Any CPU
		{C62CAFA2-C5B1-4B80-B9A7-6EF03FABC95D}.Release|Any CPU.ActiveCfg = Release|Any CPU
		{C62CAFA2-C5B1-4B80-B9A7-6EF03FABC95D}.Release|Any CPU.Build.0 = Release|Any CPU
	EndGlobalSection
	GlobalSection(SolutionProperties) = preSolution
		HideSolutionNode = FALSE
	EndGlobalSection
	GlobalSection(ExtensibilityGlobals) = postSolution
		SolutionGuid = {824CF22E-67CB-4DEE-82E7-355EA0202C54}
	EndGlobalSection
EndGlobal
